{
  "name": "namebase-dca-bot",
  "version": "1.0.0",
  "lockfileVersion": 1,
  "requires": true,
  "dependencies": {
    "btc-value": {
      "version": "2.1.1",
      "resolved": "https://registry.npmjs.org/btc-value/-/btc-value-2.1.1.tgz",
      "integrity": "sha512-5h5b4ZZs1IdlrBCd8+Srg+AxSe9TARoKDEdReL2qWG0VdJu43KeTClByjGBXjn+GbDzQZXEOlc8QcWJ95xoSPA=="
    },
    "cron-parser": {
      "version": "2.4.2",
      "resolved": "https://registry.npmjs.org/cron-parser/-/cron-parser-2.4.2.tgz",
      "integrity": "sha512-2SeM31fDcWrTHxd9JM3RAQbJ0jkFbWqoTYP9AWZ1o8h5jkaJwgwJUN98JKMxkKBxvnvNEensE8QTbXPnxPSl2g==",
      "requires": {
        "is-nan": "^1.2.1",
        "moment-timezone": "^0.5.0"
      }
    },
    "define-properties": {
      "version": "1.1.2",
      "resolved": "https://registry.npmjs.org/define-properties/-/define-properties-1.1.2.tgz",
      "integrity": "sha1-g6c/L+pWmJj7c3GTyPhzyvbUXJQ=",
      "requires": {
        "foreach": "^2.0.5",
        "object-keys": "^1.0.8"
      }
    },
    "dotenv": {
      "version": "4.0.0",
      "resolved": "https://registry.npmjs.org/dotenv/-/dotenv-4.0.0.tgz",
      "integrity": "sha1-hk7xN5rO1Vzm+V3r7NzhefegzR0="
    },
    "foreach": {
      "version": "2.0.5",
      "resolved": "https://registry.npmjs.org/foreach/-/foreach-2.0.5.tgz",
      "integrity": "sha1-C+4AUBiusmDQo6865ljdATbsG5k="
    },
    "is-nan": {
      "version": "1.2.1",
      "resolved": "https://registry.npmjs.org/is-nan/-/is-nan-1.2.1.tgz",
      "integrity": "sha1-n69ltvttskt/XAYoR16nH5iEAeI=",
      "requires": {
        "define-properties": "^1.1.1"
      }
    },
    "long-timeout": {
      "version": "0.1.1",
      "resolved": "https://registry.npmjs.org/long-timeout/-/long-timeout-0.1.1.tgz",
      "integrity": "sha1-lyHXiLR+C8taJMLivuGg2lXatRQ="
    },
    "moment": {
      "version": "2.29.2",
      "resolved": "https://registry.npmjs.org/moment/-/moment-2.29.2.tgz",
      "integrity": "sha512-UgzG4rvxYpN15jgCmVJwac49h9ly9NurikMWGPdVxm8GZD6XjkKPxDTjQQ43gtGgnV3X0cAyWDdP2Wexoquifg=="
    },
    "moment-timezone": {
      "version": "0.5.13",
      "resolved": "https://registry.npmjs.org/moment-timezone/-/moment-timezone-0.5.13.tgz",
      "integrity": "sha1-mc5cfYJyYusPH3AgRBd/YHRde5A=",
      "requires": {
        "moment": ">= 2.9.0"
      }
    },
    "namebase-exchange-api": {
      "version": "0.0.9",
      "resolved": "https://registry.npmjs.org/namebase-exchange-api/-/namebase-exchange-api-0.0.9.tgz",
      "integrity": "sha512-JiSbHlERlmsCVfXA5xgZ/0UCP32NK73Qp3v9YOBMLxOacNGuxkP+Gx4j1fPOi+XmPtSQlrrAywhaEZosAmj7zg==",
      "requires": {
        "node-fetch": "^2.5.0"
      },
      "dependencies": {
        "node-fetch": {
          "version": "2.6.0",
          "resolved": "https://registry.npmjs.org/node-fetch/-/node-fetch-2.6.0.tgz",
          "integrity": "sha512-8dG4H5ujfvFiqDmVu9fQ5bOHUC15JMjMY/Zumv26oOvvVJjM67KF8koCWIabKQ1GJIa9r2mMZscBq/TbdOcmNA=="
        }
      }
    },
    "node-schedule": {
      "version": "1.2.5",
      "resolved": "https://registry.npmjs.org/node-schedule/-/node-schedule-1.2.5.tgz",
      "integrity": "sha512-15EhURVgJz1kIms3H6rKcOOcZGSaHGCwB6mTRUBWZnpv4OPbX6e01OTPeSzx0W+f5Hx7iWafmk17+PyhD9fejg==",
      "requires": {
        "cron-parser": "^2.4.0",
        "long-timeout": "0.1.1",
        "sorted-array-functions": "^1.0.0"
      }
    },
    "object-keys": {
      "version": "1.0.11",
      "resolved": "https://registry.npmjs.org/object-keys/-/object-keys-1.0.11.tgz",
      "integrity": "sha1-xUYBd4rVYPEULODgG8yotW0TQm0="
    },
    "sorted-array-functions": {
      "version": "1.0.0",
      "resolved": "https://registry.npmjs.org/sorted-array-functions/-/sorted-array-functions-1.0.0.tgz",
      "integrity": "sha1-wLVU2ecJr/y+VtNMGyUUGX/Tgnk="
    }
  }
}
